// !$*UTF8*$!
{
	archiveVersion = 1;
	classes = {
	};
	objectVersion = 48;
	objects = {

/* Begin PBXBuildFile section */
		B309939F1FFE0045004A0401 /* AppDelegate.swift in Sources */ = {isa = PBXBuildFile; fileRef = B309939E1FFE0045004A0401 /* AppDelegate.swift */; };
		B30993A11FFE0045004A0401 /* ViewController.swift in Sources */ = {isa = PBXBuildFile; fileRef = B30993A01FFE0045004A0401 /* ViewController.swift */; };
		B30993A41FFE0045004A0401 /* Main.storyboard in Resources */ = {isa = PBXBuildFile; fileRef = B30993A21FFE0045004A0401 /* Main.storyboard */; };
		B30993A61FFE0045004A0401 /* Assets.xcassets in Resources */ = {isa = PBXBuildFile; fileRef = B30993A51FFE0045004A0401 /* Assets.xcassets */; };
		B30993A91FFE0045004A0401 /* LaunchScreen.storyboard in Resources */ = {isa = PBXBuildFile; fileRef = B30993A71FFE0045004A0401 /* LaunchScreen.storyboard */; };
		B30993B41FFE0046004A0401 /* CoreMLImageTests.swift in Sources */ = {isa = PBXBuildFile; fileRef = B30993B31FFE0046004A0401 /* CoreMLImageTests.swift */; };
		B30993BF1FFE0046004A0401 /* CoreMLImageUITests.swift in Sources */ = {isa = PBXBuildFile; fileRef = B30993BE1FFE0046004A0401 /* CoreMLImageUITests.swift */; };
		B30993CD1FFE03F8004A0401 /* Inceptionv3.mlmodel in Sources */ = {isa = PBXBuildFile; fileRef = B30993CC1FFE03F8004A0401 /* Inceptionv3.mlmodel */; };
/* End PBXBuildFile section */

/* Begin PBXContainerItemProxy section */
		B30993B01FFE0046004A0401 /* PBXContainerItemProxy */ = {
			isa = PBXContainerItemProxy;
			containerPortal = B30993931FFE0045004A0401 /* Project object */;
			proxyType = 1;
			remoteGlobalIDString = B309939A1FFE0045004A0401;
			remoteInfo = CoreMLImage;
		};
		B30993BB1FFE0046004A0401 /* PBXContainerItemProxy */ = {
			isa = PBXContainerItemProxy;
			containerPortal = B30993931FFE0045004A0401 /* Project object */;
			proxyType = 1;
			remoteGlobalIDString = B309939A1FFE0045004A0401;
			remoteInfo = CoreMLImage;
		};
/* End PBXContainerItemProxy section */

/* Begin PBXFileReference section */
		B309939B1FFE0045004A0401 /* CoreMLImage.app */ = {isa = PBXFileReference; explicitFileType = wrapper.application; includeInIndex = 0; path = CoreMLImage.app; sourceTree = BUILT_PRODUCTS_DIR; };
		B309939E1FFE0045004A0401 /* AppDelegate.swift */ = {isa = PBXFileReference; lastKnownFileType = sourcecode.swift; path = AppDelegate.swift; sourceTree = "<group>"; };
		B30993A01FFE0045004A0401 /* ViewController.swift */ = {isa = PBXFileReference; lastKnownFileType = sourcecode.swift; path = ViewController.swift; sourceTree = "<group>"; };
		B30993A31FFE0045004A0401 /* Base */ = {isa = PBXFileReference; lastKnownFileType = file.storyboard; name = Base; path = Base.lproj/Main.storyboard; sourceTree = "<group>"; };
		B30993A51FFE0045004A0401 /* Assets.xcassets */ = {isa = PBXFileReference; lastKnownFileType = folder.assetcatalog; path = Assets.xcassets; sourceTree = "<group>"; };
		B30993A81FFE0045004A0401 /* Base */ = {isa = PBXFileReference; lastKnownFileType = file.storyboard; name = Base; path = Base.lproj/LaunchScreen.storyboard; sourceTree = "<group>"; };
		B30993AA1FFE0045004A0401 /* Info.plist */ = {isa = PBXFileReference; lastKnownFileType = text.plist.xml; path = Info.plist; sourceTree = "<group>"; };
		B30993AF1FFE0046004A0401 /* CoreMLImageTests.xctest */ = {isa = PBXFileReference; explicitFileType = wrapper.cfbundle; includeInIndex = 0; path = CoreMLImageTests.xctest; sourceTree = BUILT_PRODUCTS_DIR; };
		B30993B31FFE0046004A0401 /* CoreMLImageTests.swift */ = {isa = PBXFileReference; lastKnownFileType = sourcecode.swift; path = CoreMLImageTests.swift; sourceTree = "<group>"; };
		B30993B51FFE0046004A0401 /* Info.plist */ = {isa = PBXFileReference; lastKnownFileType = text.plist.xml; path = Info.plist; sourceTree = "<group>"; };
		B30993BA1FFE0046004A0401 /* CoreMLImageUITests.xctest */ = {isa = PBXFileReference; explicitFileType = wrapper.cfbundle; includeInIndex = 0; path = CoreMLImageUITests.xctest; sourceTree = BUILT_PRODUCTS_DIR; };
		B30993BE1FFE0046004A0401 /* CoreMLImageUITests.swift */ = {isa = PBXFileReference; lastKnownFileType = sourcecode.swift; path = CoreMLImageUITests.swift; sourceTree = "<group>"; };
		B30993C01FFE0046004A0401 /* Info.plist */ = {isa = PBXFileReference; lastKnownFileType = text.plist.xml; path = Info.plist; sourceTree = "<group>"; };
		B30993CC1FFE03F8004A0401 /* Inceptionv3.mlmodel */ = {isa = PBXFileReference; lastKnownFileType = file.mlmodel; path = Inceptionv3.mlmodel; sourceTree = "<group>"; };
/* End PBXFileReference section */

/* Begin PBXFrameworksBuildPhase section */
		B30993981FFE0045004A0401 /* Frameworks */ = {
			isa = PBXFrameworksBuildPhase;
			buildActionMask = 2147483647;
			files = (
			);
			runOnlyForDeploymentPostprocessing = 0;
		};
		B30993AC1FFE0046004A0401 /* Frameworks */ = {
			isa = PBXFrameworksBuildPhase;
			buildActionMask = 2147483647;
			files = (
			);
			runOnlyForDeploymentPostprocessing = 0;
		};
		B30993B71FFE0046004A0401 /* Frameworks */ = {
			isa = PBXFrameworksBuildPhase;
			buildActionMask = 2147483647;
			files = (
			);
			runOnlyForDeploymentPostprocessing = 0;
		};
/* End PBXFrameworksBuildPhase section */

/* Begin PBXGroup section */
		B30993921FFE0045004A0401 = {
			isa = PBXGroup;
			children = (
				B30993CC1FFE03F8004A0401 /* Inceptionv3.mlmodel */,
				B309939D1FFE0045004A0401 /* CoreMLImage */,
				B30993B21FFE0046004A0401 /* CoreMLImageTests */,
				B30993BD1FFE0046004A0401 /* CoreMLImageUITests */,
				B309939C1FFE0045004A0401 /* Products */,
			);
			sourceTree = "<group>";
		};
		B309939C1FFE0045004A0401 /* Products */ = {
			isa = PBXGroup;
			children = (
				B309939B1FFE0045004A0401 /* CoreMLImage.app */,
				B30993AF1FFE0046004A0401 /* CoreMLImageTests.xctest */,
				B30993BA1FFE0046004A0401 /* CoreMLImageUITests.xctest */,
			);
			name = Products;
			sourceTree = "<group>";
		};
		B309939D1FFE0045004A0401 /* CoreMLImage */ = {
			isa = PBXGroup;
			children = (
				B309939E1FFE0045004A0401 /* AppDelegate.swift */,
				B30993A01FFE0045004A0401 /* ViewController.swift */,
				B30993A21FFE0045004A0401 /* Main.storyboard */,
				B30993A51FFE0045004A0401 /* Assets.xcassets */,
				B30993A71FFE0045004A0401 /* LaunchScreen.storyboard */,
				B30993AA1FFE0045004A0401 /* Info.plist */,
			);
			path = CoreMLImage;
			sourceTree = "<group>";
		};
		B30993B21FFE0046004A0401 /* CoreMLImageTests */ = {
			isa = PBXGroup;
			children = (
				B30993B31FFE0046004A0401 /* CoreMLImageTests.swift */,
				B30993B51FFE0046004A0401 /* Info.plist */,
			);
			path = CoreMLImageTests;
			sourceTree = "<group>";
		};
		B30993BD1FFE0046004A0401 /* CoreMLImageUITests */ = {
			isa = PBXGroup;
			children = (
				B30993BE1FFE0046004A0401 /* CoreMLImageUITests.swift */,
				B30993C01FFE0046004A0401 /* Info.plist */,
			);
			path = CoreMLImageUITests;
			sourceTree = "<group>";
		};
/* End PBXGroup section */

/* Begin PBXNativeTarget section */
		B309939A1FFE0045004A0401 /* CoreMLImage */ = {
			isa = PBXNativeTarget;
			buildConfigurationList = B30993C31FFE0046004A0401 /* Build configuration list for PBXNativeTarget "CoreMLImage" */;
			buildPhases = (
				B30993971FFE0045004A0401 /* Sources */,
				B30993981FFE0045004A0401 /* Frameworks */,
				B30993991FFE0045004A0401 /* Resources */,
			);
			buildRules = (
			);
			dependencies = (
			);
			name = CoreMLImage;
			productName = CoreMLImage;
			productReference = B309939B1FFE0045004A0401 /* CoreMLImage.app */;
			productType = "com.apple.product-type.application";
		};
		B30993AE1FFE0046004A0401 /* CoreMLImageTests */ = {
			isa = PBXNativeTarget;
			buildConfigurationList = B30993C61FFE0046004A0401 /* Build configuration list for PBXNativeTarget "CoreMLImageTests" */;
			buildPhases = (
				B30993AB1FFE0046004A0401 /* Sources */,
				B30993AC1FFE0046004A0401 /* Frameworks */,
				B30993AD1FFE0046004A0401 /* Resources */,
			);
			buildRules = (
			);
			dependencies = (
				B30993B11FFE0046004A0401 /* PBXTargetDependency */,
			);
			name = CoreMLImageTests;
			productName = CoreMLImageTests;
			productReference = B30993AF1FFE0046004A0401 /* CoreMLImageTests.xctest */;
			productType = "com.apple.product-type.bundle.unit-test";
		};
		B30993B91FFE0046004A0401 /* CoreMLImageUITests */ = {
			isa = PBXNativeTarget;
			buildConfigurationList = B30993C91FFE0046004A0401 /* Build configuration list for PBXNativeTarget "CoreMLImageUITests" */;
			buildPhases = (
				B30993B61FFE0046004A0401 /* Sources */,
				B30993B71FFE0046004A0401 /* Frameworks */,
				B30993B81FFE0046004A0401 /* Resources */,
			);
			buildRules = (
			);
			dependencies = (
				B30993BC1FFE0046004A0401 /* PBXTargetDependency */,
			);
			name = CoreMLImageUITests;
			productName = CoreMLImageUITests;
			productReference = B30993BA1FFE0046004A0401 /* CoreMLImageUITests.xctest */;
			productType = "com.apple.product-type.bundle.ui-testing";
		};
/* End PBXNativeTarget section */

/* Begin PBXProject section */
		B30993931FFE0045004A0401 /* Project object */ = {
			isa = PBXProject;
			attributes = {
				LastSwiftUpdateCheck = 0920;
				LastUpgradeCheck = 0920;
				ORGANIZATIONNAME = eeee;
				TargetAttributes = {
					B309939A1FFE0045004A0401 = {
						CreatedOnToolsVersion = 9.2;
						ProvisioningStyle = Automatic;
					};
					B30993AE1FFE0046004A0401 = {
						CreatedOnToolsVersion = 9.2;
						ProvisioningStyle = Automatic;
						TestTargetID = B309939A1FFE0045004A0401;
					};
					B30993B91FFE0046004A0401 = {
						CreatedOnToolsVersion = 9.2;
						ProvisioningStyle = Automatic;
						TestTargetID = B309939A1FFE0045004A0401;
					};
				};
			};
			buildConfigurationList = B30993961FFE0045004A0401 /* Build configuration list for PBXProject "CoreMLImage" */;
			compatibilityVersion = "Xcode 8.0";
			developmentRegion = en;
			hasScannedForEncodings = 0;
			knownRegions = (
				en,
				Base,
			);
			mainGroup = B30993921FFE0045004A0401;
			productRefGroup = B309939C1FFE0045004A0401 /* Products */;
			projectDirPath = "";
			projectRoot = "";
			targets = (
				B309939A1FFE0045004A0401 /* CoreMLImage */,
				B30993AE1FFE0046004A0401 /* CoreMLImageTests */,
				B30993B91FFE0046004A0401 /* CoreMLImageUITests */,
			);
		};
/* End PBXProject section */

/* Begin PBXResourcesBuildPhase section */
		B30993991FFE0045004A0401 /* Resources */ = {
			isa = PBXResourcesBuildPhase;
			buildActionMask = 2147483647;
			files = (
				B30993A91FFE0045004A0401 /* LaunchScreen.storyboard in Resources */,
				B30993A61FFE0045004A0401 /* Assets.xcassets in Resources */,
				B30993A41FFE0045004A0401 /* Main.storyboard in Resources */,
			);
			runOnlyForDeploymentPostprocessing = 0;
		};
		B30993AD1FFE0046004A0401 /* Resources */ = {
			isa = PBXResourcesBuildPhase;
			buildActionMask = 2147483647;
			files = (
			);
			runOnlyForDeploymentPostprocessing = 0;
		};
		B30993B81FFE0046004A0401 /* Resources */ = {
			isa = PBXResourcesBuildPhase;
			buildActionMask = 2147483647;
			files = (
			);
			runOnlyForDeploymentPostprocessing = 0;
		};
/* End PBXResourcesBuildPhase section */

/* Begin PBXSourcesBuildPhase section */
		B30993971FFE0045004A0401 /* Sources */ = {
			isa = PBXSourcesBuildPhase;
			buildActionMask = 2147483647;
			files = (
				B30993A11FFE0045004A0401 /* ViewController.swift in Sources */,
				B30993CD1FFE03F8004A0401 /* Inceptionv3.mlmodel in Sources */,
				B309939F1FFE0045004A0401 /* AppDelegate.swift in Sources */,
			);
			runOnlyForDeploymentPostprocessing = 0;
		};
		B30993AB1FFE0046004A0401 /* Sources */ = {
			isa = PBXSourcesBuildPhase;
			buildActionMask = 2147483647;
			files = (
				B30993B41FFE0046004A0401 /* CoreMLImageTests.swift in Sources */,
			);
			runOnlyForDeploymentPostprocessing = 0;
		};
		B30993B61FFE0046004A0401 /* Sources */ = {
			isa = PBXSourcesBuildPhase;
			buildActionMask = 2147483647;
			files = (
				B30993BF1FFE0046004A0401 /* CoreMLImageUITests.swift in Sources */,
			);
			runOnlyForDeploymentPostprocessing = 0;
		};
/* End PBXSourcesBuildPhase section */

/* Begin PBXTargetDependency section */
		B30993B11FFE0046004A0401 /* PBXTargetDependency */ = {
			isa = PBXTargetDependency;
			target = B309939A1FFE0045004A0401 /* CoreMLImage */;
			targetProxy = B30993B01FFE0046004A0401 /* PBXContainerItemProxy */;
		};
		B30993BC1FFE0046004A0401 /* PBXTargetDependency */ = {
			isa = PBXTargetDependency;
			target = B309939A1FFE0045004A0401 /* CoreMLImage */;
			targetProxy = B30993BB1FFE0046004A0401 /* PBXContainerItemProxy */;
		};
/* End PBXTargetDependency section */

/* Begin PBXVariantGroup section */
		B30993A21FFE0045004A0401 /* Main.storyboard */ = {
			isa = PBXVariantGroup;
			children = (
				B30993A31FFE0045004A0401 /* Base */,
			);
			name = Main.storyboard;
			sourceTree = "<group>";
		};
		B30993A71FFE0045004A0401 /* LaunchScreen.storyboard */ = {
			isa = PBXVariantGroup;
			children = (
				B30993A81FFE0045004A0401 /* Base */,
			);
			name = LaunchScreen.storyboard;
			sourceTree = "<group>";
		};
/* End PBXVariantGroup section */

/* Begin XCBuildConfiguration section */
		B30993C11FFE0046004A0401 /* Debug */ = {
			isa = XCBuildConfiguration;
			buildSettings = {
				ALWAYS_SEARCH_USER_PATHS = NO;
				CLANG_ANALYZER_NONNULL = YES;
				CLANG_ANALYZER_NUMBER_OBJECT_CONVERSION = YES_AGGRESSIVE;
				CLANG_CXX_LANGUAGE_STANDARD = "gnu++14";
				CLANG_CXX_LIBRARY = "libc++";
				CLANG_ENABLE_MODULES = YES;
				CLANG_ENABLE_OBJC_ARC = YES;
				CLANG_WARN_BLOCK_CAPTURE_AUTORELEASING = YES;
				CLANG_WARN_BOOL_CONVERSION = YES;
				CLANG_WARN_COMMA = YES;
				CLANG_WARN_CONSTANT_CONVERSION = YES;
				CLANG_WARN_DIRECT_OBJC_ISA_USAGE = YES_ERROR;
				CLANG_WARN_DOCUMENTATION_COMMENTS = YES;
				CLANG_WARN_EMPTY_BODY = YES;
				CLANG_WARN_ENUM_CONVERSION = YES;
				CLANG_WARN_INFINITE_RECURSION = YES;
				CLANG_WARN_INT_CONVERSION = YES;
				CLANG_WARN_NON_LITERAL_NULL_CONVERSION = YES;
				CLANG_WARN_OBJC_LITERAL_CONVERSION = YES;
				CLANG_WARN_OBJC_ROOT_CLASS = YES_ERROR;
				CLANG_WARN_RANGE_LOOP_ANALYSIS = YES;
				CLANG_WARN_STRICT_PROTOTYPES = YES;
				CLANG_WARN_SUSPICIOUS_MOVE = YES;
				CLANG_WARN_UNGUARDED_AVAILABILITY = YES_AGGRESSIVE;
				CLANG_WARN_UNREACHABLE_CODE = YES;
				CLANG_WARN__DUPLICATE_METHOD_MATCH = YES;
				CODE_SIGN_IDENTITY = "iPhone Developer";
				COPY_PHASE_STRIP = NO;
				DEBUG_INFORMATION_FORMAT = dwarf;
				ENABLE_STRICT_OBJC_MSGSEND = YES;
				ENABLE_TESTABILITY = YES;
				GCC_C_LANGUAGE_STANDARD = gnu11;
				GCC_DYNAMIC_NO_PIC = NO;
				GCC_NO_COMMON_BLOCKS = YES;
				GCC_OPTIMIZATION_LEVEL = 0;
				GCC_PREPROCESSOR_DEFINITIONS = (
					"DEBUG=1",
					"$(inherited)",
				);
				GCC_WARN_64_TO_32_BIT_CONVERSION = YES;
				GCC_WARN_ABOUT_RETURN_TYPE = YES_ERROR;
				GCC_WARN_UNDECLARED_SELECTOR = YES;
				GCC_WARN_UNINITIALIZED_AUTOS = YES_AGGRESSIVE;
				GCC_WARN_UNUSED_FUNCTION = YES;
				GCC_WARN_UNUSED_VARIABLE = YES;
				IPHONEOS_DEPLOYMENT_TARGET = 11.2;
				MTL_ENABLE_DEBUG_INFO = YES;
				ONLY_ACTIVE_ARCH = YES;
				SDKROOT = iphoneos;
				SWIFT_ACTIVE_COMPILATION_CONDITIONS = DEBUG;
				SWIFT_OPTIMIZATION_LEVEL = "-Onone";
			};
			name = Debug;
		};
		B30993C21FFE0046004A0401 /* Release */ = {
			isa = XCBuildConfiguration;
			buildSettings = {
				ALWAYS_SEARCH_USER_PATHS = NO;
				CLANG_ANALYZER_NONNULL = YES;
				CLANG_ANALYZER_NUMBER_OBJECT_CONVERSION = YES_AGGRESSIVE;
				CLANG_CXX_LANGUAGE_STANDARD = "gnu++14";
				CLANG_CXX_LIBRARY = "libc++";
				CLANG_ENABLE_MODULES = YES;
				CLANG_ENABLE_OBJC_ARC = YES;
				CLANG_WARN_BLOCK_CAPTURE_AUTORELEASING = YES;
				CLANG_WARN_BOOL_CONVERSION = YES;
				CLANG_WARN_COMMA = YES;
				CLANG_WARN_CONSTANT_CONVERSION = YES;
				CLANG_WARN_DIRECT_OBJC_ISA_USAGE = YES_ERROR;
				CLANG_WARN_DOCUMENTATION_COMMENTS = YES;
				CLANG_WARN_EMPTY_BODY = YES;
				CLANG_WARN_ENUM_CONVERSION = YES;
				CLANG_WARN_INFINITE_RECURSION = YES;
				CLANG_WARN_INT_CONVERSION = YES;
				CLANG_WARN_NON_LITERAL_NULL_CONVERSION = YES;
				CLANG_WARN_OBJC_LITERAL_CONVERSION = YES;
				CLANG_WARN_OBJC_ROOT_CLASS = YES_ERROR;
				CLANG_WARN_RANGE_LOOP_ANALYSIS = YES;
				CLANG_WARN_STRICT_PROTOTYPES = YES;
				CLANG_WARN_SUSPICIOUS_MOVE = YES;
				CLANG_WARN_UNGUARDED_AVAILABILITY = YES_AGGRESSIVE;
				CLANG_WARN_UNREACHABLE_CODE = YES;
				CLANG_WARN__DUPLICATE_METHOD_MATCH = YES;
				CODE_SIGN_IDENTITY = "iPhone Developer";
				COPY_PHASE_STRIP = NO;
				DEBUG_INFORMATION_FORMAT = "dwarf-with-dsym";
				ENABLE_NS_ASSERTIONS = NO;
				ENABLE_STRICT_OBJC_MSGSEND = YES;
				GCC_C_LANGUAGE_STANDARD = gnu11;
				GCC_NO_COMMON_BLOCKS = YES;
				GCC_WARN_64_TO_32_BIT_CONVERSION = YES;
				GCC_WARN_ABOUT_RETURN_TYPE = YES_ERROR;
				GCC_WARN_UNDECLARED_SELECTOR = YES;
				GCC_WARN_UNINITIALIZED_AUTOS = YES_AGGRESSIVE;
				GCC_WARN_UNUSED_FUNCTION = YES;
				GCC_WARN_UNUSED_VARIABLE = YES;
				IPHONEOS_DEPLOYMENT_TARGET = 11.2;
				MTL_ENABLE_DEBUG_INFO = NO;
				SDKROOT = iphoneos;
				SWIFT_OPTIMIZATION_LEVEL = "-Owholemodule";
				VALIDATE_PRODUCT = YES;
			};
			name = Release;
		};
		B30993C41FFE0046004A0401 /* Debug */ = {
			isa = XCBuildConfiguration;
			buildSettings = {
				ASSETCATALOG_COMPILER_APPICON_NAME = AppIcon;
				CODE_SIGN_STYLE = Automatic;
				DEVELOPMENT_TEAM = U79C2TD9NB;
				INFOPLIST_FILE = CoreMLImage/Info.plist;
				IPHONEOS_DEPLOYMENT_TARGET = 11.0;
				LD_RUNPATH_SEARCH_PATHS = "$(inherited) @executable_path/Frameworks";
				PRODUCT_BUNDLE_IDENTIFIER = happyFoodCoin.CoreMLImage;
				PRODUCT_NAME = "$(TARGET_NAME)";
				SWIFT_VERSION = 4.0;
				TARGETED_DEVICE_FAMILY = "1,2";
			};
			name = Debug;
		};
		B30993C51FFE0046004A0401 /* Release */ = {
			isa = XCBuildConfiguration;
			buildSettings = {
				ASSETCATALOG_COMPILER_APPICON_NAME = AppIcon;
				CODE_SIGN_STYLE = Automatic;
				DEVELOPMENT_TEAM = U79C2TD9NB;
				INFOPLIST_FILE = CoreMLImage/Info.plist;
				IPHONEOS_DEPLOYMENT_TARGET = 11.0;
				LD_RUNPATH_SEARCH_PATHS = "$(inherited) @executable_path/Frameworks";
				PRODUCT_BUNDLE_IDENTIFIER = happyFoodCoin.CoreMLImage;
				PRODUCT_NAME = "$(TARGET_NAME)";
				SWIFT_VERSION = 4.0;
				TARGETED_DEVICE_FAMILY = "1,2";
			};
			name = Release;
		};
		B30993C71FFE0046004A0401 /* Debug */ = {
			isa = XCBuildConfiguration;
			buildSettings = {
				ALWAYS_EMBED_SWIFT_STANDARD_LIBRARIES = YES;
				BUNDLE_LOADER = "$(TEST_HOST)";
				CODE_SIGN_STYLE = Automatic;
				INFOPLIST_FILE = CoreMLImageTests/Info.plist;
				LD_RUNPATH_SEARCH_PATHS = "$(inherited) @executable_path/Frameworks @loader_path/Frameworks";
				PRODUCT_BUNDLE_IDENTIFIER = happyFoodCoin.CoreMLImageTests;
				PRODUCT_NAME = "$(TARGET_NAME)";
				SWIFT_VERSION = 4.0;
				TARGETED_DEVICE_FAMILY = "1,2";
				TEST_HOST = "$(BUILT_PRODUCTS_DIR)/CoreMLImage.app/CoreMLImage";
			};
			name = Debug;
		};
		B30993C81FFE0046004A0401 /* Release */ = {
			isa = XCBuildConfiguration;
			buildSettings = {
				ALWAYS_EMBED_SWIFT_STANDARD_LIBRARIES = YES;
				BUNDLE_LOADER = "$(TEST_HOST)";
				CODE_SIGN_STYLE = Automatic;
				INFOPLIST_FILE = CoreMLImageTests/Info.plist;
				LD_RUNPATH_SEARCH_PATHS = "$(inherited) @executable_path/Frameworks @loader_path/Frameworks";
				PRODUCT_BUNDLE_IDENTIFIER = happyFoodCoin.CoreMLImageTests;
				PRODUCT_NAME = "$(TARGET_NAME)";
				SWIFT_VERSION = 4.0;
				TARGETED_DEVICE_FAMILY = "1,2";
				TEST_HOST = "$(BUILT_PRODUCTS_DIR)/CoreMLImage.app/CoreMLImage";
			};
			name = Release;
		};
		B30993CA1FFE0046004A0401 /* Debug */ = {
			isa = XCBuildConfiguration;
			buildSettings = {
				ALWAYS_EMBED_SWIFT_STANDARD_LIBRARIES = YES;
				CODE_SIGN_STYLE = Automatic;
				INFOPLIST_FILE = CoreMLImageUITests/Info.plist;
				LD_RUNPATH_SEARCH_PATHS = "$(inherited) @executable_path/Frameworks @loader_path/Frameworks";
				PRODUCT_BUNDLE_IDENTIFIER = happyFoodCoin.CoreMLImageUITests;
				PRODUCT_NAME = "$(TARGET_NAME)";
				SWIFT_VERSION = 4.0;
				TARGETED_DEVICE_FAMILY = "1,2";
				TEST_TARGET_NAME = CoreMLImage;
			};
			name = Debug;
		};
		B30993CB1FFE0046004A0401 /* Release */ = {
			isa = XCBuildConfiguration;
			buildSettings = {
				ALWAYS_EMBED_SWIFT_STANDARD_LIBRARIES = YES;
				CODE_SIGN_STYLE = Automatic;
				INFOPLIST_FILE = CoreMLImageUITests/Info.plist;
				LD_RUNPATH_SEARCH_PATHS = "$(inherited) @executable_path/Frameworks @loader_path/Frameworks";
				PRODUCT_BUNDLE_IDENTIFIER = happyFoodCoin.CoreMLImageUITests;
				PRODUCT_NAME = "$(TARGET_NAME)";
				SWIFT_VERSION = 4.0;
				TARGETED_DEVICE_FAMILY = "1,2";
				TEST_TARGET_NAME = CoreMLImage;
			};
			name = Release;
		};
/* End XCBuildConfiguration section */

/* Begin XCConfigurationList section */
		B30993961FFE0045004A0401 /* Build configuration list for PBXProject "CoreMLImage" */ = {
			isa = XCConfigurationList;
			buildConfigurations = (
				B30993C11FFE0046004A0401 /* Debug */,
				B30993C21FFE0046004A0401 /* Release */,
			);
			defaultConfigurationIsVisible = 0;
			defaultConfigurationName = Release;
		};
		B30993C31FFE0046004A0401 /* Build configuration list for PBXNativeTarget "CoreMLImage" */ = {
			isa = XCConfigurationList;
			buildConfigurations = (
				B30993C41FFE0046004A0401 /* Debug */,
				B30993C51FFE0046004A0401 /* Release */,
			);
			defaultConfigurationIsVisible = 0;
			defaultConfigurationName = Release;
		};
		B30993C61FFE0046004A0401 /* Build configuration list for PBXNativeTarget "CoreMLImageTests" */ = {
			isa = XCConfigurationList;
			buildConfigurations = (
				B30993C71FFE0046004A0401 /* Debug */,
				B30993C81FFE0046004A0401 /* Release */,
			);
			defaultConfigurationIsVisible = 0;
			defaultConfigurationName = Release;
		};
		B30993C91FFE0046004A0401 /* Build configuration list for PBXNativeTarget "CoreMLImageUITests" */ = {
			isa = XCConfigurationList;
			buildConfigurations = (
				B30993CA1FFE0046004A0401 /* Debug */,
				B30993CB1FFE0046004A0401 /* Release */,
			);
			defaultConfigurationIsVisible = 0;
			defaultConfigurationName = Release;
		};
/* End XCConfigurationList section */
	};
	rootObject = B30993931FFE0045004A0401 /* Project object */;
}
